<?xml version="1.0" encoding="utf-8"?>
<Project ToolsVersion="4.0" xmlns="http://schemas.microsoft.com/developer/msbuild/2003">
  <ItemGroup>
    <Filter Include="Source Files">
      <UniqueIdentifier>{4FC737F1-C7A5-4376-A066-2A32D752A2FF}</UniqueIdentifier>
      <Extensions>cpp;c;cc;cxx;def;odl;idl;hpj;bat;asm;asmx</Extensions>
    </Filter>
    <Filter Include="Header Files">
      <UniqueIdentifier>{93995380-89BD-4b04-88EB-625FBE52EBFB}</UniqueIdentifier>
      <Extensions>h;hpp;hxx;hm;inl;inc;xsd</Extensions>
    </Filter>
    <Filter Include="Resource Files">
      <UniqueIdentifier>{67DA6AB6-F800-4c08-8B7A-83BB121AAD01}</UniqueIdentifier>
      <Extensions>rc;ico;cur;bmp;dlg;rc2;rct;bin;rgs;gif;jpg;jpeg;jpe;resx;tiff;tif;png;wav;mfcribbon-ms</Extensions>
    </Filter>
    <Filter Include="Header Files\RENDERSYSTEMS">
      <UniqueIdentifier>{ad7d6a94-687d-4276-9655-dbf3c94b65cc}</UniqueIdentifier>
    </Filter>
    <Filter Include="Header Files\WINDOWSYSTEM">
      <UniqueIdentifier>{5b6399f4-071d-4959-864e-ded44657877d}</UniqueIdentifier>
    </Filter>
    <Filter Include="Source Files\Src">
      <UniqueIdentifier>{af093a47-a462-4a26-a095-38a5431f4bab}</UniqueIdentifier>
    </Filter>
    <Filter Include="Header Files\WORLDSYSTEMS">
      <UniqueIdentifier>{7327f5b5-2fad-41da-a470-98a50f6b460b}</UniqueIdentifier>
    </Filter>
    <Filter Include="Source Files\Src\GAMESYSTEMS">
      <UniqueIdentifier>{96ff00bd-8fb5-4171-9f59-d147870b83af}</UniqueIdentifier>
    </Filter>
    <Filter Include="Header Files\GUI">
      <UniqueIdentifier>{ac9d6d77-1902-48fb-8d63-e08d5ec01b2b}</UniqueIdentifier>
    </Filter>
    <Filter Include="Source Files\Src\GUI">
      <UniqueIdentifier>{0918c13b-bd40-4082-bfb0-c157c5e8bd60}</UniqueIdentifier>
    </Filter>
    <Filter Include="Source Files\Src\GUI\EDITBOX">
      <UniqueIdentifier>{df6438b6-b725-4dee-9b03-91934d5ab627}</UniqueIdentifier>
    </Filter>
    <Filter Include="Source Files\Src\GUI\BUTTON">
      <UniqueIdentifier>{0194bb7a-8da7-4972-bcbd-91fbf6968986}</UniqueIdentifier>
    </Filter>
    <Filter Include="Source Files\Src\GUI\LAYOUT">
      <UniqueIdentifier>{5977e20a-6119-4cb4-8052-d87e8d86188c}</UniqueIdentifier>
    </Filter>
    <Filter Include="Source Files\Src\GUI\TABCONTROL">
      <UniqueIdentifier>{58397dfe-1833-43f0-83c5-80c9b7be1d27}</UniqueIdentifier>
    </Filter>
    <Filter Include="Source Files\Src\GUI\SCENEVIEW">
      <UniqueIdentifier>{cce4bf8e-8c85-4666-be4f-bb44c3f76e11}</UniqueIdentifier>
    </Filter>
    <Filter Include="Source Files\Src\GUI\TOOLBAR">
      <UniqueIdentifier>{224252c0-d8a7-4a09-988e-c669151e2da2}</UniqueIdentifier>
    </Filter>
    <Filter Include="Source Files\Src\RENDERSYSTEM">
      <UniqueIdentifier>{8e4c3f73-4c3a-4dbd-be3a-0d8a7d399a47}</UniqueIdentifier>
    </Filter>
    <Filter Include="Source Files\Src\RENDERSYSTEM\RENDERCOMPONENT">
      <UniqueIdentifier>{dd946141-a76e-40b5-bc14-07438adf2276}</UniqueIdentifier>
    </Filter>
    <Filter Include="Source Files\Src\GUI\TREEVIEW">
      <UniqueIdentifier>{eb2f5cb4-f891-4d38-b33c-b8e9829c1871}</UniqueIdentifier>
    </Filter>
  </ItemGroup>
  <ItemGroup>
    <ClCompile Include="main.cpp">
      <Filter>Source Files</Filter>
    </ClCompile>
    <ClCompile Include="CVS_Window.cpp">
      <Filter>Source Files\Src</Filter>
    </ClCompile>
    <ClCompile Include="CVS_2DTools.cpp">
      <Filter>Source Files\Src</Filter>
    </ClCompile>
    <ClCompile Include="CVS_World.cpp">
      <Filter>Source Files\Src\GAMESYSTEMS</Filter>
    </ClCompile>
    <ClCompile Include="Canvas.cpp">
      <Filter>Source Files\Src</Filter>
    </ClCompile>
    <ClCompile Include="Transform.cpp">
      <Filter>Source Files\Src\GAMESYSTEMS</Filter>
    </ClCompile>
    <ClCompile Include="CVS_GUI.cpp">
      <Filter>Source Files\Src\GUI</Filter>
    </ClCompile>
    <ClCompile Include="CVS_EditBox.cpp">
      <Filter>Source Files\Src\GUI\EDITBOX</Filter>
    </ClCompile>
    <ClCompile Include="CVS_Button.cpp">
      <Filter>Source Files\Src\GUI\BUTTON</Filter>
    </ClCompile>
    <ClCompile Include="CVS_LayOut.cpp">
      <Filter>Source Files\Src\GUI\LAYOUT</Filter>
    </ClCompile>
    <ClCompile Include="CVS_TabControl.cpp">
      <Filter>Source Files\Src\GUI\TABCONTROL</Filter>
    </ClCompile>
    <ClCompile Include="CVS_TabSlot.cpp">
      <Filter>Source Files\Src\GUI\TABCONTROL</Filter>
    </ClCompile>
    <ClCompile Include="CVS_SceneView.cpp">
      <Filter>Source Files\Src\GUI\SCENEVIEW</Filter>
    </ClCompile>
    <ClCompile Include="CVS_ToolBar.cpp">
      <Filter>Source Files\Src\GUI\TOOLBAR</Filter>
    </ClCompile>
    <ClCompile Include="CVS_RenderSystem.cpp">
      <Filter>Source Files\Src\RENDERSYSTEM</Filter>
    </ClCompile>
    <ClCompile Include="CVS_RenderProgram.cpp">
      <Filter>Source Files\Src\RENDERSYSTEM</Filter>
    </ClCompile>
    <ClCompile Include="CVS_RendererScene.cpp">
      <Filter>Source Files\Src\RENDERSYSTEM\RENDERCOMPONENT</Filter>
    </ClCompile>
    <ClCompile Include="CVS_Mesh.cpp">
      <Filter>Source Files\Src\RENDERSYSTEM\RENDERCOMPONENT</Filter>
    </ClCompile>
    <ClCompile Include="CVS_RenderNode.cpp">
      <Filter>Source Files\Src\RENDERSYSTEM\RENDERCOMPONENT</Filter>
    </ClCompile>
    <ClCompile Include="CVS_Camera.cpp">
      <Filter>Source Files\Src\RENDERSYSTEM\RENDERCOMPONENT</Filter>
    </ClCompile>
    <ClCompile Include="CVS_Texture.cpp">
      <Filter>Source Files\Src\RENDERSYSTEM</Filter>
    </ClCompile>
    <ClCompile Include="CVS_TreeView.cpp">
      <Filter>Source Files\Src\GUI\TREEVIEW</Filter>
    </ClCompile>
  </ItemGroup>
  <ItemGroup>
    <ClInclude Include="CVS_Precompiled.h">
      <Filter>Header Files</Filter>
    </ClInclude>
    <ClInclude Include="Canvas.h">
      <Filter>Header Files</Filter>
    </ClInclude>
    <ClInclude Include="CVS_SubSystem.h">
      <Filter>Header Files</Filter>
    </ClInclude>
    <ClInclude Include="CVS_WindowSystem.h">
      <Filter>Header Files\WINDOWSYSTEM</Filter>
    </ClInclude>
    <ClInclude Include="CVS_2DTools.h">
      <Filter>Header Files\RENDERSYSTEMS</Filter>
    </ClInclude>
    <ClInclude Include="CVS_RenderProgram.h">
      <Filter>Header Files\RENDERSYSTEMS</Filter>
    </ClInclude>
    <ClInclude Include="CVS_World.h">
      <Filter>Header Files\WORLDSYSTEMS</Filter>
    </ClInclude>
    <ClInclude Include="CVS_Transform.h">
      <Filter>Header Files\WORLDSYSTEMS</Filter>
    </ClInclude>
    <ClInclude Include="CVS_RenderComponents.h">
      <Filter>Header Files\RENDERSYSTEMS</Filter>
    </ClInclude>
    <ClInclude Include="CVS_Light.h">
      <Filter>Header Files\RENDERSYSTEMS</Filter>
    </ClInclude>
    <ClInclude Include="resource.h">
      <Filter>Header Files</Filter>
    </ClInclude>
    <ClInclude Include="Manifest.h">
      <Filter>Header Files</Filter>
    </ClInclude>
    <ClInclude Include="CVS_RenderSystem.h">
      <Filter>Header Files\RENDERSYSTEMS</Filter>
    </ClInclude>
    <ClInclude Include="wglext.h">
      <Filter>Header Files</Filter>
    </ClInclude>
    <ClInclude Include="CVS_Button.h">
      <Filter>Header Files\GUI</Filter>
    </ClInclude>
    <ClInclude Include="CVS_GUISystem.h">
      <Filter>Header Files\GUI</Filter>
    </ClInclude>
    <ClInclude Include="CVS_Gui.h">
      <Filter>Header Files\GUI</Filter>
    </ClInclude>
    <ClInclude Include="CVS_SceneView.h">
      <Filter>Header Files\GUI</Filter>
    </ClInclude>
    <ClInclude Include="CVS_GroupBox.h">
      <Filter>Header Files\GUI</Filter>
    </ClInclude>
    <ClInclude Include="CVS_TreeView.h">
      <Filter>Header Files\GUI</Filter>
    </ClInclude>
  </ItemGroup>
  <ItemGroup>
    <ResourceCompile Include="CanvasEngine.rc">
      <Filter>Resource Files</Filter>
    </ResourceCompile>
  </ItemGroup>
  <ItemGroup>
    <Image Include="icon1.ico">
      <Filter>Resource Files</Filter>
    </Image>
    <Image Include="Arrow.bmp">
      <Filter>Resource Files</Filter>
    </Image>
    <Image Include="MoveTool.bmp">
      <Filter>Resource Files</Filter>
    </Image>
    <Image Include="Rotate.bmp">
      <Filter>Resource Files</Filter>
    </Image>
    <Image Include="bitmap1.bmp">
      <Filter>Resource Files</Filter>
    </Image>
    <Image Include="transform.bmp">
      <Filter>Resource Files</Filter>
    </Image>
    <Image Include="collapse.bmp">
      <Filter>Resource Files</Filter>
    </Image>
    <Image Include="expand.bmp">
      <Filter>Resource Files</Filter>
    </Image>
  </ItemGroup>
  <ItemGroup>
    <None Include="ClassDiagram.cd" />
  </ItemGroup>
</Project>