<?xml version="1.0" encoding="utf-8"?>
<Project ToolsVersion="4.0" xmlns="http://schemas.microsoft.com/developer/msbuild/2003">
  <ItemGroup>
    <Filter Include="Source Files">
      <UniqueIdentifier>{4FC737F1-C7A5-4376-A066-2A32D752A2FF}</UniqueIdentifier>
      <Extensions>cpp;c;cc;cxx;def;odl;idl;hpj;bat;asm;asmx</Extensions>
    </Filter>
    <Filter Include="Header Files">
      <UniqueIdentifier>{93995380-89BD-4b04-88EB-625FBE52EBFB}</UniqueIdentifier>
      <Extensions>h;hpp;hxx;hm;inl;inc;xsd</Extensions>
    </Filter>
    <Filter Include="Resource Files">
      <UniqueIdentifier>{67DA6AB6-F800-4c08-8B7A-83BB121AAD01}</UniqueIdentifier>
      <Extensions>rc;ico;cur;bmp;dlg;rc2;rct;bin;rgs;gif;jpg;jpeg;jpe;resx;tiff;tif;png;wav;mfcribbon-ms</Extensions>
    </Filter>
    <Filter Include="Source Files\Src">
      <UniqueIdentifier>{af093a47-a462-4a26-a095-38a5431f4bab}</UniqueIdentifier>
    </Filter>
    <Filter Include="Header Files\REFACTOR">
      <UniqueIdentifier>{0815c1b4-0e0b-4cb2-bee5-a3622aa11439}</UniqueIdentifier>
    </Filter>
    <Filter Include="Source Files\Src\REFACTOR">
      <UniqueIdentifier>{d189ad64-0391-4364-bf81-e44cb145b886}</UniqueIdentifier>
    </Filter>
    <Filter Include="Source Files\Src\APP">
      <UniqueIdentifier>{dae311db-7adc-4555-8e2b-6514ae739f5c}</UniqueIdentifier>
    </Filter>
    <Filter Include="Header Files\CANVAS">
      <UniqueIdentifier>{152a25bc-ca9f-4b20-999c-5adbb86f8567}</UniqueIdentifier>
    </Filter>
    <Filter Include="Header Files\CANVAS\CORE">
      <UniqueIdentifier>{32deabd1-6a7e-407d-8279-f66d1f3efff0}</UniqueIdentifier>
    </Filter>
    <Filter Include="Source Files\Src\CANVAS">
      <UniqueIdentifier>{70232833-6bda-40a5-bc68-9f2cc19afb6e}</UniqueIdentifier>
    </Filter>
    <Filter Include="Header Files\CANVAS\CORE\PROPERTIES">
      <UniqueIdentifier>{ab1637d9-1c97-4b78-ad3f-35e992dd66cd}</UniqueIdentifier>
    </Filter>
    <Filter Include="Header Files\CANVAS\CORE\WINDOW">
      <UniqueIdentifier>{bfd6228d-61e0-4d19-83e4-fb12b9608a7e}</UniqueIdentifier>
    </Filter>
    <Filter Include="Header Files\CANVAS\CORE\WINDOW\GUI">
      <UniqueIdentifier>{7218e637-a407-4ede-af33-7ab9a0453800}</UniqueIdentifier>
    </Filter>
    <Filter Include="Header Files\CANVAS\CORE\ENGINE">
      <UniqueIdentifier>{984141d6-9d45-44b0-b974-84367cb75156}</UniqueIdentifier>
    </Filter>
    <Filter Include="Header Files\CANVAS\CORE\RENDERSYSTEM">
      <UniqueIdentifier>{0abc9b19-3361-4e91-b5d8-eaacda6d97a8}</UniqueIdentifier>
    </Filter>
    <Filter Include="Source Files\Src\CANVAS\CORE">
      <UniqueIdentifier>{74cff031-266a-4b1b-9202-a7c92eaf5fdd}</UniqueIdentifier>
    </Filter>
    <Filter Include="Source Files\Src\CANVAS\CORE\WINDOW">
      <UniqueIdentifier>{c4abddc1-a72d-4be0-aa9f-d463d583feaf}</UniqueIdentifier>
    </Filter>
    <Filter Include="Source Files\Src\CANVAS\PROPERTIES">
      <UniqueIdentifier>{ea839b4b-4cea-444b-a3fb-7c9aec25eaa9}</UniqueIdentifier>
    </Filter>
    <Filter Include="Source Files\Src\CANVAS\CORE\GUI">
      <UniqueIdentifier>{0611615f-ef9b-43ed-b41b-f347dee14b4a}</UniqueIdentifier>
    </Filter>
  </ItemGroup>
  <ItemGroup>
    <ClCompile Include="main.cpp">
      <Filter>Source Files</Filter>
    </ClCompile>
    <ClCompile Include="CanvasCore.cpp">
      <Filter>Source Files\Src\CANVAS</Filter>
    </ClCompile>
    <ClCompile Include="SubSystem.cpp">
      <Filter>Source Files\Src\CANVAS</Filter>
    </ClCompile>
    <ClCompile Include="Timer.cpp">
      <Filter>Source Files\Src\CANVAS</Filter>
    </ClCompile>
    <ClCompile Include="Transcript.cpp">
      <Filter>Source Files\Src\CANVAS</Filter>
    </ClCompile>
    <ClCompile Include="CanvasMain.cpp">
      <Filter>Source Files\Src\CANVAS</Filter>
    </ClCompile>
    <ClCompile Include="Editor.cpp">
      <Filter>Source Files\Src\APP</Filter>
    </ClCompile>
    <ClCompile Include="Window.cpp">
      <Filter>Source Files\Src\CANVAS\CORE\WINDOW</Filter>
    </ClCompile>
    <ClCompile Include="WindowProperties.cpp">
      <Filter>Source Files\Src\CANVAS\CORE\WINDOW</Filter>
    </ClCompile>
    <ClCompile Include="Properties.cpp">
      <Filter>Source Files\Src\CANVAS\PROPERTIES</Filter>
    </ClCompile>
    <ClCompile Include="OSImage.cpp">
      <Filter>Source Files\Src\CANVAS\PROPERTIES</Filter>
    </ClCompile>
    <ClCompile Include="WindowSystem.cpp">
      <Filter>Source Files\Src\CANVAS\CORE\WINDOW</Filter>
    </ClCompile>
    <ClCompile Include="MessageDialog.cpp">
      <Filter>Source Files\Src\CANVAS\CORE\WINDOW</Filter>
    </ClCompile>
    <ClCompile Include="GUI.cpp">
      <Filter>Source Files\Src\CANVAS\CORE\GUI</Filter>
    </ClCompile>
    <ClCompile Include="Display.cpp">
      <Filter>Source Files\Src\CANVAS\CORE\WINDOW</Filter>
    </ClCompile>
    <ClCompile Include="Color.cpp">
      <Filter>Source Files\Src\CANVAS\PROPERTIES</Filter>
    </ClCompile>
    <ClCompile Include="Button.cpp">
      <Filter>Source Files\Src\CANVAS\CORE\GUI</Filter>
    </ClCompile>
    <ClCompile Include="Menu.cpp">
      <Filter>Source Files\Src\CANVAS\CORE\GUI</Filter>
    </ClCompile>
  </ItemGroup>
  <ItemGroup>
    <ClInclude Include="CanvasCore.h">
      <Filter>Header Files\CANVAS\CORE</Filter>
    </ClInclude>
    <ClInclude Include="Window.h">
      <Filter>Header Files\CANVAS\CORE\WINDOW</Filter>
    </ClInclude>
    <ClInclude Include="RenderSystem.h">
      <Filter>Header Files\CANVAS\CORE\RENDERSYSTEM</Filter>
    </ClInclude>
    <ClInclude Include="Display.h">
      <Filter>Header Files\CANVAS\CORE\WINDOW</Filter>
    </ClInclude>
    <ClInclude Include="WindowProperties.h">
      <Filter>Header Files\CANVAS\CORE\WINDOW</Filter>
    </ClInclude>
    <ClInclude Include="GUI.h">
      <Filter>Header Files\CANVAS\CORE\WINDOW\GUI</Filter>
    </ClInclude>
    <ClInclude Include="Button.h">
      <Filter>Header Files\CANVAS\CORE\WINDOW\GUI</Filter>
    </ClInclude>
    <ClInclude Include="Engine.h">
      <Filter>Header Files\CANVAS\CORE\ENGINE</Filter>
    </ClInclude>
    <ClInclude Include="CanvasMain.h">
      <Filter>Header Files\CANVAS</Filter>
    </ClInclude>
    <ClInclude Include="CanvasSDK.h">
      <Filter>Header Files\CANVAS</Filter>
    </ClInclude>
    <ClInclude Include="Manifest.h">
      <Filter>Header Files\CANVAS</Filter>
    </ClInclude>
    <ClInclude Include="pch.h">
      <Filter>Header Files\CANVAS</Filter>
    </ClInclude>
    <ClInclude Include="resource.h">
      <Filter>Header Files\CANVAS</Filter>
    </ClInclude>
    <ClInclude Include="wglext.h">
      <Filter>Header Files\CANVAS</Filter>
    </ClInclude>
    <ClInclude Include="Editor.h">
      <Filter>Header Files</Filter>
    </ClInclude>
    <ClInclude Include="Properties.h">
      <Filter>Header Files\CANVAS\CORE\PROPERTIES</Filter>
    </ClInclude>
    <ClInclude Include="Color.h">
      <Filter>Header Files\CANVAS\CORE\PROPERTIES</Filter>
    </ClInclude>
    <ClInclude Include="OSImage.h">
      <Filter>Header Files\CANVAS\CORE\PROPERTIES</Filter>
    </ClInclude>
    <ClInclude Include="Menu.h">
      <Filter>Header Files\CANVAS\CORE\WINDOW\GUI</Filter>
    </ClInclude>
    <ClInclude Include="LayOut.h">
      <Filter>Header Files\CANVAS\CORE\WINDOW\GUI</Filter>
    </ClInclude>
    <ClInclude Include="MessageDialog.h">
      <Filter>Header Files\CANVAS\CORE\WINDOW</Filter>
    </ClInclude>
    <ClInclude Include="ToolBar.h">
      <Filter>Header Files\CANVAS\CORE\WINDOW\GUI</Filter>
    </ClInclude>
  </ItemGroup>
  <ItemGroup>
    <ResourceCompile Include="CanvasEngine.rc">
      <Filter>Resource Files</Filter>
    </ResourceCompile>
  </ItemGroup>
  <ItemGroup>
    <Image Include="icon1.ico">
      <Filter>Resource Files</Filter>
    </Image>
    <Image Include="Arrow.bmp">
      <Filter>Resource Files</Filter>
    </Image>
    <Image Include="MoveTool.bmp">
      <Filter>Resource Files</Filter>
    </Image>
    <Image Include="Rotate.bmp">
      <Filter>Resource Files</Filter>
    </Image>
    <Image Include="bitmap1.bmp">
      <Filter>Resource Files</Filter>
    </Image>
    <Image Include="transform.bmp">
      <Filter>Resource Files</Filter>
    </Image>
    <Image Include="collapse.bmp">
      <Filter>Resource Files</Filter>
    </Image>
    <Image Include="expand.bmp">
      <Filter>Resource Files</Filter>
    </Image>
    <Image Include="stuff.bmp">
      <Filter>Resource Files</Filter>
    </Image>
  </ItemGroup>
  <ItemGroup>
    <None Include="ClassDiagram.cd" />
  </ItemGroup>
</Project>