<?xml version="1.0" encoding="utf-8"?>
<Project ToolsVersion="4.0" xmlns="http://schemas.microsoft.com/developer/msbuild/2003">
  <ItemGroup>
    <Filter Include="Source Files">
      <UniqueIdentifier>{4FC737F1-C7A5-4376-A066-2A32D752A2FF}</UniqueIdentifier>
      <Extensions>cpp;c;cc;cxx;def;odl;idl;hpj;bat;asm;asmx</Extensions>
    </Filter>
    <Filter Include="Header Files">
      <UniqueIdentifier>{93995380-89BD-4b04-88EB-625FBE52EBFB}</UniqueIdentifier>
      <Extensions>h;hpp;hxx;hm;inl;inc;xsd</Extensions>
    </Filter>
    <Filter Include="Resource Files">
      <UniqueIdentifier>{67DA6AB6-F800-4c08-8B7A-83BB121AAD01}</UniqueIdentifier>
      <Extensions>rc;ico;cur;bmp;dlg;rc2;rct;bin;rgs;gif;jpg;jpeg;jpe;resx;tiff;tif;png;wav;mfcribbon-ms</Extensions>
    </Filter>
    <Filter Include="Header Files\RENDERSYSTEMS">
      <UniqueIdentifier>{ad7d6a94-687d-4276-9655-dbf3c94b65cc}</UniqueIdentifier>
    </Filter>
    <Filter Include="Header Files\WINDOWSYSTEM">
      <UniqueIdentifier>{5b6399f4-071d-4959-864e-ded44657877d}</UniqueIdentifier>
    </Filter>
    <Filter Include="Source Files\Src">
      <UniqueIdentifier>{af093a47-a462-4a26-a095-38a5431f4bab}</UniqueIdentifier>
    </Filter>
  </ItemGroup>
  <ItemGroup>
    <ClCompile Include="main.cpp">
      <Filter>Source Files</Filter>
    </ClCompile>
    <ClCompile Include="CVS_GUI.cpp">
      <Filter>Source Files\Src</Filter>
    </ClCompile>
    <ClCompile Include="CVS_Window.cpp">
      <Filter>Source Files\Src</Filter>
    </ClCompile>
    <ClCompile Include="Canvas.cpp">
      <Filter>Source Files\Src</Filter>
    </ClCompile>
  </ItemGroup>
  <ItemGroup>
    <ClInclude Include="CVS_Precompiled.h">
      <Filter>Header Files</Filter>
    </ClInclude>
    <ClInclude Include="Canvas.h">
      <Filter>Header Files</Filter>
    </ClInclude>
    <ClInclude Include="CVS_SubSystem.h">
      <Filter>Header Files</Filter>
    </ClInclude>
    <ClInclude Include="CVS_RenderSystem.h">
      <Filter>Header Files\RENDERSYSTEMS</Filter>
    </ClInclude>
    <ClInclude Include="CVS_WindowSystem.h">
      <Filter>Header Files\WINDOWSYSTEM</Filter>
    </ClInclude>
    <ClInclude Include="CVS_GUI.h">
      <Filter>Header Files\WINDOWSYSTEM</Filter>
    </ClInclude>
    <ClInclude Include="CVS_2DTools.h">
      <Filter>Header Files\RENDERSYSTEMS</Filter>
    </ClInclude>
    <ClInclude Include="CVS_RenderProgram.h">
      <Filter>Header Files\RENDERSYSTEMS</Filter>
    </ClInclude>
  </ItemGroup>
</Project>